<?xml version="1.0" encoding="utf-8"?>
<Project ToolsVersion="4.0" xmlns="http://schemas.microsoft.com/developer/msbuild/2003">
  <ItemGroup>
    <Filter Include="Source Files">
      <UniqueIdentifier>{4FC737F1-C7A5-4376-A066-2A32D752A2FF}</UniqueIdentifier>
      <Extensions>cpp;c;cc;cxx;c++;cppm;ixx;def;odl;idl;hpj;bat;asm;asmx</Extensions>
    </Filter>
    <Filter Include="Header Files">
      <UniqueIdentifier>{93995380-89BD-4b04-88EB-625FBE52EBFB}</UniqueIdentifier>
      <Extensions>h;hh;hpp;hxx;h++;hm;inl;inc;ipp;xsd</Extensions>
    </Filter>
    <Filter Include="Resource Files">
      <UniqueIdentifier>{67DA6AB6-F800-4c08-8B7A-83BB121AAD01}</UniqueIdentifier>
      <Extensions>rc;ico;cur;bmp;dlg;rc2;rct;bin;rgs;gif;jpg;jpeg;jpe;resx;tiff;tif;png;wav;mfcribbon-ms</Extensions>
    </Filter>
    <Filter Include="Resource Files\Shaders">
      <UniqueIdentifier>{3f653bf3-428d-4841-8d9a-7b0ed9b97477}</UniqueIdentifier>
    </Filter>
    <Filter Include="Source Files\SnakeGame">
      <UniqueIdentifier>{ffd5951e-d3a6-4fca-affb-358db4b78aa0}</UniqueIdentifier>
    </Filter>
    <Filter Include="Source Files\LearnOpenGL">
      <UniqueIdentifier>{b66b05d1-abea-4592-8a34-7e2477b3dd7c}</UniqueIdentifier>
    </Filter>
    <Filter Include="Source Files\SnakeGame\General">
      <UniqueIdentifier>{38e84704-7edb-4563-abad-5fe2cb7b8479}</UniqueIdentifier>
    </Filter>
    <Filter Include="Source Files\LearnOpenGL\OpenGL Objects">
      <UniqueIdentifier>{411b5ee1-8015-4e96-9d34-062d923c7aa4}</UniqueIdentifier>
    </Filter>
    <Filter Include="Source Files\LearnOpenGLLights">
      <UniqueIdentifier>{e2cc5ee3-8a1b-444c-8efc-912add8cf7df}</UniqueIdentifier>
    </Filter>
    <Filter Include="Resource Files\Shaders\Lights">
      <UniqueIdentifier>{828fc587-ad47-48f1-8069-8230ab027ebe}</UniqueIdentifier>
    </Filter>
    <Filter Include="Source Files\3DModel Classes">
      <UniqueIdentifier>{645d692e-a37b-423b-8d70-5e62c19859af}</UniqueIdentifier>
    </Filter>
    <Filter Include="Source Files\AdvancedOpenGL">
      <UniqueIdentifier>{281a609e-4c41-45f5-9a50-79b10c86ee34}</UniqueIdentifier>
    </Filter>
    <Filter Include="Resource Files\Shaders\Model">
      <UniqueIdentifier>{4e1a64c4-c1f6-4c18-b312-5908210bd2b1}</UniqueIdentifier>
    </Filter>
  </ItemGroup>
  <ItemGroup>
    <ClCompile Include="vendor\stb_image\stb_image.cpp">
      <Filter>Source Files\LearnOpenGL</Filter>
    </ClCompile>
    <ClCompile Include="Camera.cpp">
      <Filter>Source Files\LearnOpenGL</Filter>
    </ClCompile>
    <ClCompile Include="src\Application.cpp">
      <Filter>Source Files\SnakeGame\General</Filter>
    </ClCompile>
    <ClCompile Include="Input.cpp">
      <Filter>Source Files\SnakeGame\General</Filter>
    </ClCompile>
    <ClCompile Include="src\Texture\Material.cpp">
      <Filter>Source Files\LearnOpenGL\OpenGL Objects</Filter>
    </ClCompile>
    <ClCompile Include="src\Buffer\Buffer.cpp">
      <Filter>Header Files</Filter>
    </ClCompile>
    <ClCompile Include="src\Buffer\VertexArray.cpp">
      <Filter>Source Files</Filter>
    </ClCompile>
    <ClCompile Include="src\Shader\Shader.cpp">
      <Filter>Source Files</Filter>
    </ClCompile>
    <ClCompile Include="src\Model\Mesh.cpp">
      <Filter>Source Files</Filter>
    </ClCompile>
    <ClCompile Include="src\Model\Model.cpp">
      <Filter>Source Files</Filter>
    </ClCompile>
    <ClCompile Include="src\Texture\Texture.cpp">
      <Filter>Source Files</Filter>
    </ClCompile>
    <ClCompile Include="src\GeneralUtils.h">
      <Filter>Source Files</Filter>
    </ClCompile>
    <ClCompile Include="WaterDemo.cpp">
      <Filter>Source Files</Filter>
    </ClCompile>
    <ClCompile Include="src\Buffer\Framebuffer.cpp">
      <Filter>Source Files</Filter>
    </ClCompile>
    <ClCompile Include="src\Texture\TextureCubeMap.cpp">
      <Filter>Source Files</Filter>
    </ClCompile>
    <ClCompile Include="vendor\glad\glad.c">
      <Filter>Source Files</Filter>
    </ClCompile>
    <ClCompile Include="vendor\ImGUI\imgui.cpp">
      <Filter>Source Files</Filter>
    </ClCompile>
    <ClCompile Include="vendor\ImGUI\imgui_demo.cpp">
      <Filter>Source Files</Filter>
    </ClCompile>
    <ClCompile Include="vendor\ImGUI\imgui_draw.cpp">
      <Filter>Source Files</Filter>
    </ClCompile>
    <ClCompile Include="vendor\ImGUI\imgui_impl_glfw.cpp">
      <Filter>Source Files</Filter>
    </ClCompile>
    <ClCompile Include="vendor\ImGUI\imgui_impl_opengl3.cpp">
      <Filter>Source Files</Filter>
    </ClCompile>
    <ClCompile Include="vendor\ImGUI\imgui_tables.cpp">
      <Filter>Source Files</Filter>
    </ClCompile>
    <ClCompile Include="vendor\ImGUI\imgui_widgets.cpp">
      <Filter>Source Files</Filter>
    </ClCompile>
  </ItemGroup>
  <ItemGroup>
    <None Include="src\Application.h">
      <Filter>Source Files\SnakeGame\General</Filter>
    </None>
    <None Include="Readme.md" />
    <None Include="vendor\assimp\include\.editorconfig" />
    <None Include="vendor\assimp\include\color4.inl">
      <Filter>Header Files</Filter>
    </None>
    <None Include="vendor\assimp\include\config.h.in" />
    <None Include="vendor\assimp\include\material.inl">
      <Filter>Header Files</Filter>
    </None>
    <None Include="vendor\assimp\include\matrix3x3.inl">
      <Filter>Header Files</Filter>
    </None>
    <None Include="vendor\assimp\include\matrix4x4.inl">
      <Filter>Header Files</Filter>
    </None>
    <None Include="vendor\assimp\include\quaternion.inl">
      <Filter>Header Files</Filter>
    </None>
    <None Include="vendor\assimp\include\revision.h.in" />
    <None Include="vendor\assimp\include\SmoothingGroups.inl">
      <Filter>Header Files</Filter>
    </None>
    <None Include="vendor\assimp\include\vector2.inl">
      <Filter>Header Files</Filter>
    </None>
    <None Include="vendor\assimp\include\vector3.inl">
      <Filter>Header Files</Filter>
    </None>
    <None Include="vendor\assimp\lib\assimp-vc143-mtd.dll" />
    <None Include="vendor\assimp\lib\assimp-vc143-mtd.exp" />
    <None Include="vendor\assimp\lib\assimp-vc143-mtd.ilk" />
    <None Include="vendor\assimp\lib\assimp-vc143-mtd.pdb" />
  </ItemGroup>
  <ItemGroup>
    <ClInclude Include="vendor\stb_image\stb_image.h">
      <Filter>Source Files\LearnOpenGL</Filter>
    </ClInclude>
    <ClInclude Include="Camera.h">
      <Filter>Source Files\LearnOpenGL</Filter>
    </ClInclude>
    <ClInclude Include="Input.h">
      <Filter>Source Files\SnakeGame\General</Filter>
    </ClInclude>
    <ClInclude Include="src\Texture\Material.h">
      <Filter>Source Files\LearnOpenGL\OpenGL Objects</Filter>
    </ClInclude>
    <ClInclude Include="src\Buffer\Buffer.h">
      <Filter>Header Files</Filter>
    </ClInclude>
    <ClInclude Include="src\Buffer\VertexArray.h">
      <Filter>Header Files</Filter>
    </ClInclude>
    <ClInclude Include="src\Buffer\VertexBufferLayout.h">
      <Filter>Header Files</Filter>
    </ClInclude>
    <ClInclude Include="src\Model\Mesh.h">
      <Filter>Header Files</Filter>
    </ClInclude>
    <ClInclude Include="src\Model\Model.h">
      <Filter>Header Files</Filter>
    </ClInclude>
    <ClInclude Include="src\Shader\Shader.h">
      <Filter>Header Files</Filter>
    </ClInclude>
    <ClInclude Include="src\Texture\Texture.h">
      <Filter>Header Files</Filter>
    </ClInclude>
    <ClInclude Include="src\Model\Quad.h">
      <Filter>Header Files</Filter>
    </ClInclude>
    <ClInclude Include="src\Buffer\Framebuffer.h">
      <Filter>Header Files</Filter>
    </ClInclude>
    <ClInclude Include="src\Texture\TextureCubeMap.h">
      <Filter>Header Files</Filter>
    </ClInclude>
    <ClInclude Include="src\Model\CubeMap.h">
      <Filter>Header Files</Filter>
    </ClInclude>
    <ClInclude Include="vendor\glad\glad.h">
      <Filter>Header Files</Filter>
    </ClInclude>
    <ClInclude Include="vendor\KHR\khrplatform.h">
      <Filter>Header Files</Filter>
    </ClInclude>
    <ClInclude Include="vendor\assimp\include\ZipArchiveIOSystem.h">
      <Filter>Header Files</Filter>
    </ClInclude>
    <ClInclude Include="vendor\assimp\include\aabb.h">
      <Filter>Header Files</Filter>
    </ClInclude>
    <ClInclude Include="vendor\assimp\include\ai_assert.h">
      <Filter>Header Files</Filter>
    </ClInclude>
    <ClInclude Include="vendor\assimp\include\anim.h">
      <Filter>Header Files</Filter>
    </ClInclude>
    <ClInclude Include="vendor\assimp\include\AssertHandler.h">
      <Filter>Header Files</Filter>
    </ClInclude>
    <ClInclude Include="vendor\assimp\include\Base64.hpp">
      <Filter>Header Files</Filter>
    </ClInclude>
    <ClInclude Include="vendor\assimp\include\BaseImporter.h">
      <Filter>Header Files</Filter>
    </ClInclude>
    <ClInclude Include="vendor\assimp\include\Bitmap.h">
      <Filter>Header Files</Filter>
    </ClInclude>
    <ClInclude Include="vendor\assimp\include\BlobIOSystem.h">
      <Filter>Header Files</Filter>
    </ClInclude>
    <ClInclude Include="vendor\assimp\include\ByteSwapper.h">
      <Filter>Header Files</Filter>
    </ClInclude>
    <ClInclude Include="vendor\assimp\include\camera.h">
      <Filter>Header Files</Filter>
    </ClInclude>
    <ClInclude Include="vendor\assimp\include\cexport.h">
      <Filter>Header Files</Filter>
    </ClInclude>
    <ClInclude Include="vendor\assimp\include\cfileio.h">
      <Filter>Header Files</Filter>
    </ClInclude>
    <ClInclude Include="vendor\assimp\include\cimport.h">
      <Filter>Header Files</Filter>
    </ClInclude>
    <ClInclude Include="vendor\assimp\include\ColladaMetaData.h">
      <Filter>Header Files</Filter>
    </ClInclude>
    <ClInclude Include="vendor\assimp\include\color4.h">
      <Filter>Header Files</Filter>
    </ClInclude>
    <ClInclude Include="vendor\assimp\include\commonMetaData.h">
      <Filter>Header Files</Filter>
    </ClInclude>
    <ClInclude Include="vendor\assimp\include\config.h">
      <Filter>Header Files</Filter>
    </ClInclude>
    <ClInclude Include="vendor\assimp\include\CreateAnimMesh.h">
      <Filter>Header Files</Filter>
    </ClInclude>
    <ClInclude Include="vendor\assimp\include\DefaultIOStream.h">
      <Filter>Header Files</Filter>
    </ClInclude>
    <ClInclude Include="vendor\assimp\include\DefaultIOSystem.h">
      <Filter>Header Files</Filter>
    </ClInclude>
    <ClInclude Include="vendor\assimp\include\DefaultLogger.hpp">
      <Filter>Header Files</Filter>
    </ClInclude>
    <ClInclude Include="vendor\assimp\include\defs.h">
      <Filter>Header Files</Filter>
    </ClInclude>
    <ClInclude Include="vendor\assimp\include\Exceptional.h">
      <Filter>Header Files</Filter>
    </ClInclude>
    <ClInclude Include="vendor\assimp\include\Exporter.hpp">
      <Filter>Header Files</Filter>
    </ClInclude>
    <ClInclude Include="vendor\assimp\include\fast_atof.h">
      <Filter>Header Files</Filter>
    </ClInclude>
    <ClInclude Include="vendor\assimp\include\GenericProperty.h">
      <Filter>Header Files</Filter>
    </ClInclude>
    <ClInclude Include="vendor\assimp\include\GltfMaterial.h">
      <Filter>Header Files</Filter>
    </ClInclude>
    <ClInclude Include="vendor\assimp\include\Hash.h">
      <Filter>Header Files</Filter>
    </ClInclude>
    <ClInclude Include="vendor\assimp\include\Importer.hpp">
      <Filter>Header Files</Filter>
    </ClInclude>
    <ClInclude Include="vendor\assimp\include\importerdesc.h">
      <Filter>Header Files</Filter>
    </ClInclude>
    <ClInclude Include="vendor\assimp\include\IOStream.hpp">
      <Filter>Header Files</Filter>
    </ClInclude>
    <ClInclude Include="vendor\assimp\include\IOStreamBuffer.h">
      <Filter>Header Files</Filter>
    </ClInclude>
    <ClInclude Include="vendor\assimp\include\IOSystem.hpp">
      <Filter>Header Files</Filter>
    </ClInclude>
    <ClInclude Include="vendor\assimp\include\light.h">
      <Filter>Header Files</Filter>
    </ClInclude>
    <ClInclude Include="vendor\assimp\include\LineSplitter.h">
      <Filter>Header Files</Filter>
    </ClInclude>
    <ClInclude Include="vendor\assimp\include\LogAux.h">
      <Filter>Header Files</Filter>
    </ClInclude>
    <ClInclude Include="vendor\assimp\include\Logger.hpp">
      <Filter>Header Files</Filter>
    </ClInclude>
    <ClInclude Include="vendor\assimp\include\LogStream.hpp">
      <Filter>Header Files</Filter>
    </ClInclude>
    <ClInclude Include="vendor\assimp\include\material.h">
      <Filter>Header Files</Filter>
    </ClInclude>
    <ClInclude Include="vendor\assimp\include\MathFunctions.h">
      <Filter>Header Files</Filter>
    </ClInclude>
    <ClInclude Include="vendor\assimp\include\matrix3x3.h">
      <Filter>Header Files</Filter>
    </ClInclude>
    <ClInclude Include="vendor\assimp\include\matrix4x4.h">
      <Filter>Header Files</Filter>
    </ClInclude>
    <ClInclude Include="vendor\assimp\include\MemoryIOWrapper.h">
      <Filter>Header Files</Filter>
    </ClInclude>
    <ClInclude Include="vendor\assimp\include\mesh.h">
      <Filter>Header Files</Filter>
    </ClInclude>
    <ClInclude Include="vendor\assimp\include\metadata.h">
      <Filter>Header Files</Filter>
    </ClInclude>
    <ClInclude Include="vendor\assimp\include\NullLogger.hpp">
      <Filter>Header Files</Filter>
    </ClInclude>
    <ClInclude Include="vendor\assimp\include\ObjMaterial.h">
      <Filter>Header Files</Filter>
    </ClInclude>
    <ClInclude Include="vendor\assimp\include\ParsingUtils.h">
      <Filter>Header Files</Filter>
    </ClInclude>
    <ClInclude Include="vendor\assimp\include\pbrmaterial.h">
      <Filter>Header Files</Filter>
    </ClInclude>
    <ClInclude Include="vendor\assimp\include\postprocess.h">
      <Filter>Header Files</Filter>
    </ClInclude>
    <ClInclude Include="vendor\assimp\include\Profiler.h">
      <Filter>Header Files</Filter>
    </ClInclude>
    <ClInclude Include="vendor\assimp\include\ProgressHandler.hpp">
      <Filter>Header Files</Filter>
    </ClInclude>
    <ClInclude Include="vendor\assimp\include\qnan.h">
      <Filter>Header Files</Filter>
    </ClInclude>
    <ClInclude Include="vendor\assimp\include\quaternion.h">
      <Filter>Header Files</Filter>
    </ClInclude>
    <ClInclude Include="vendor\assimp\include\RemoveComments.h">
      <Filter>Header Files</Filter>
    </ClInclude>
    <ClInclude Include="vendor\assimp\include\revision.h">
      <Filter>Header Files</Filter>
    </ClInclude>
    <ClInclude Include="vendor\assimp\include\scene.h">
      <Filter>Header Files</Filter>
    </ClInclude>
    <ClInclude Include="vendor\assimp\include\SceneCombiner.h">
      <Filter>Header Files</Filter>
    </ClInclude>
    <ClInclude Include="vendor\assimp\include\SGSpatialSort.h">
      <Filter>Header Files</Filter>
    </ClInclude>
    <ClInclude Include="vendor\assimp\include\SkeletonMeshBuilder.h">
      <Filter>Header Files</Filter>
    </ClInclude>
    <ClInclude Include="vendor\assimp\include\SmallVector.h">
      <Filter>Header Files</Filter>
    </ClInclude>
    <ClInclude Include="vendor\assimp\include\SmoothingGroups.h">
      <Filter>Header Files</Filter>
    </ClInclude>
    <ClInclude Include="vendor\assimp\include\SpatialSort.h">
      <Filter>Header Files</Filter>
    </ClInclude>
    <ClInclude Include="vendor\assimp\include\StandardShapes.h">
      <Filter>Header Files</Filter>
    </ClInclude>
    <ClInclude Include="vendor\assimp\include\StreamReader.h">
      <Filter>Header Files</Filter>
    </ClInclude>
    <ClInclude Include="vendor\assimp\include\StreamWriter.h">
      <Filter>Header Files</Filter>
    </ClInclude>
    <ClInclude Include="vendor\assimp\include\StringComparison.h">
      <Filter>Header Files</Filter>
    </ClInclude>
    <ClInclude Include="vendor\assimp\include\StringUtils.h">
      <Filter>Header Files</Filter>
    </ClInclude>
    <ClInclude Include="vendor\assimp\include\Subdivision.h">
      <Filter>Header Files</Filter>
    </ClInclude>
    <ClInclude Include="vendor\assimp\include\texture.h">
      <Filter>Header Files</Filter>
    </ClInclude>
    <ClInclude Include="vendor\assimp\include\TinyFormatter.h">
      <Filter>Header Files</Filter>
    </ClInclude>
    <ClInclude Include="vendor\assimp\include\types.h">
      <Filter>Header Files</Filter>
    </ClInclude>
    <ClInclude Include="vendor\assimp\include\vector2.h">
      <Filter>Header Files</Filter>
    </ClInclude>
    <ClInclude Include="vendor\assimp\include\vector3.h">
      <Filter>Header Files</Filter>
    </ClInclude>
    <ClInclude Include="vendor\assimp\include\version.h">
      <Filter>Header Files</Filter>
    </ClInclude>
    <ClInclude Include="vendor\assimp\include\Vertex.h">
      <Filter>Header Files</Filter>
    </ClInclude>
    <ClInclude Include="vendor\assimp\include\XmlParser.h">
      <Filter>Header Files</Filter>
    </ClInclude>
    <ClInclude Include="vendor\assimp\include\XMLTools.h">
      <Filter>Header Files</Filter>
    </ClInclude>
    <ClInclude Include="vendor\assimp\include\Compiler\poppack1.h">
      <Filter>Header Files</Filter>
    </ClInclude>
    <ClInclude Include="vendor\assimp\include\Compiler\pstdint.h">
      <Filter>Header Files</Filter>
    </ClInclude>
    <ClInclude Include="vendor\assimp\include\Compiler\pushpack1.h">
      <Filter>Header Files</Filter>
    </ClInclude>
    <ClInclude Include="vendor\ImGUI\imconfig.h">
      <Filter>Header Files</Filter>
    </ClInclude>
    <ClInclude Include="vendor\ImGUI\imgui.h">
      <Filter>Header Files</Filter>
    </ClInclude>
    <ClInclude Include="vendor\ImGUI\imgui_impl_glfw.h">
      <Filter>Header Files</Filter>
    </ClInclude>
    <ClInclude Include="vendor\ImGUI\imgui_impl_opengl3.h">
      <Filter>Header Files</Filter>
    </ClInclude>
    <ClInclude Include="vendor\ImGUI\imgui_impl_opengl3_loader.h">
      <Filter>Header Files</Filter>
    </ClInclude>
    <ClInclude Include="vendor\ImGUI\imgui_internal.h">
      <Filter>Header Files</Filter>
    </ClInclude>
    <ClInclude Include="vendor\ImGUI\imstb_rectpack.h">
      <Filter>Header Files</Filter>
    </ClInclude>
    <ClInclude Include="vendor\ImGUI\imstb_textedit.h">
      <Filter>Header Files</Filter>
    </ClInclude>
    <ClInclude Include="vendor\ImGUI\imstb_truetype.h">
      <Filter>Header Files</Filter>
    </ClInclude>
  </ItemGroup>
  <ItemGroup>
    <Image Include="Textures\awesomeface.png">
      <Filter>Resource Files</Filter>
    </Image>
    <Image Include="Textures\container.jpg">
      <Filter>Resource Files</Filter>
    </Image>
    <Image Include="Textures\matrix.jpg">
      <Filter>Resource Files</Filter>
    </Image>
    <Image Include="Textures\container2.png">
      <Filter>Resource Files</Filter>
    </Image>
    <Image Include="Textures\container2_specular.png">
      <Filter>Resource Files</Filter>
    </Image>
    <Image Include="Textures\hatch.png">
      <Filter>Resource Files</Filter>
    </Image>
    <Image Include="Textures\hatch_a.png">
      <Filter>Resource Files</Filter>
    </Image>
    <Image Include="Textures\hatching_shade_tex.png">
      <Filter>Resource Files</Filter>
    </Image>
  </ItemGroup>
  <ItemGroup>
    <Text Include=".gitignore" />
  </ItemGroup>
  <ItemGroup>
    <Library Include="vendor\glfw\glfw3.lib" />
    <Library Include="vendor\assimp\lib\assimp-vc143-mtd.lib" />
  </ItemGroup>
</Project>